
Microsoft Visual Studio Solution File, Format Version 12.00
# Visual Studio Version 17
VisualStudioVersion = 17.11.35303.130
MinimumVisualStudioVersion = 10.0.40219.1
Project("{FAE04EC0-301F-11D3-BF4B-00C04F79EFBC}") = "ProNatur_Biomarkt GmbH", "ProNatur_Biomarkt GmbH\ProNatur_Biomarkt GmbH.csproj", "{A64BB449-855A-4D1F-897B-7FD99D77D542}"
EndProject
Global
	GlobalSection(SolutionConfigurationPlatforms) = preSolution
		Debug|Any CPU = Debug|Any CPU
		Release|Any CPU = Release|Any CPU
	EndGlobalSection
	GlobalSection(ProjectConfigurationPlatforms) = postSolution
		{A64BB449-855A-4D1F-897B-7FD99D77D542}.Debug|Any CPU.ActiveCfg = Debug|Any CPU
		{A64BB449-855A-4D1F-897B-7FD99D77D542}.Debug|Any CPU.Build.0 = Debug|Any CPU
		{A64BB449-855A-4D1F-897B-7FD99D77D542}.Release|Any CPU.ActiveCfg = Release|Any CPU
		{A64BB449-855A-4D1F-897B-7FD99D77D542}.Release|Any CPU.Build.0 = Release|Any CPU
	EndGlobalSection
	GlobalSection(SolutionProperties) = preSolution
		HideSolutionNode = FALSE
	EndGlobalSection
	GlobalSection(ExtensibilityGlobals) = postSolution
		SolutionGuid = {1D434F45-97EB-44D6-8FF3-29D80EE07494}
	EndGlobalSection
EndGlobal
